// !$*UTF8*$!
{
	archiveVersion = 1;
	classes = {
	};
	objectVersion = 77;
	objects = {

/* Begin PBXBuildFile section */
		78BB77A02F574E4B000915A8 /* Launch Screen.storyboard in Resources */ = {isa = PBXBuildFile; fileRef = 78BB779F2F574E4B000915A8 /* Launch Screen.storyboard */; };
		78BB77A22F574EA1000915A8 /* Launch Screen 2.storyboard in Resources */ = {isa = PBXBuildFile; fileRef = 78BB77A12F574EA1000915A8 /* Launch Screen 2.storyboard */; };
/* End PBXBuildFile section */

/* Begin PBXContainerItemProxy section */
		783310F22F4E2A3000F4006A /* PBXContainerItemProxy */ = {
			isa = PBXContainerItemProxy;
			containerPortal = 783310DC2F4E2A2E00F4006A /* Project object */;
			proxyType = 1;
			remoteGlobalIDString = 783310E32F4E2A2E00F4006A;
			remoteInfo = NLS1;
		};
		783310FC2F4E2A3000F4006A /* PBXContainerItemProxy */ = {
			isa = PBXContainerItemProxy;
			containerPortal = 783310DC2F4E2A2E00F4006A /* Project object */;
			proxyType = 1;
			remoteGlobalIDString = 783310E32F4E2A2E00F4006A;
			remoteInfo = NLS1;
		};
/* End PBXContainerItemProxy section */

/* Begin PBXFileReference section */
		783310E42F4E2A2E00F4006A /* NLS1.app */ = {isa = PBXFileReference; explicitFileType = wrapper.application; includeInIndex = 0; path = NLS1.app; sourceTree = BUILT_PRODUCTS_DIR; };
		783310F12F4E2A3000F4006A /* NLS1Tests.xctest */ = {isa = PBXFileReference; explicitFileType = wrapper.cfbundle; includeInIndex = 0; path = NLS1Tests.xctest; sourceTree = BUILT_PRODUCTS_DIR; };
		783310FB2F4E2A3000F4006A /* NLS1UITests.xctest */ = {isa = PBXFileReference; explicitFileType = wrapper.cfbundle; includeInIndex = 0; path = NLS1UITests.xctest; sourceTree = BUILT_PRODUCTS_DIR; };
		78BB779F2F574E4B000915A8 /* Launch Screen.storyboard */ = {isa = PBXFileReference; lastKnownFileType = file.storyboard; path = "Launch Screen.storyboard"; sourceTree = "<group>"; };
		78BB77A12F574EA1000915A8 /* Launch Screen 2.storyboard */ = {isa = PBXFileReference; lastKnownFileType = file.storyboard; path = "Launch Screen 2.storyboard"; sourceTree = "<group>"; };
/* End PBXFileReference section */

/* Begin PBXFileSystemSynchronizedRootGroup section */
		783310E62F4E2A2E00F4006A /* NLS1 */ = {
			isa = PBXFileSystemSynchronizedRootGroup;
			path = NLS1;
			sourceTree = "<group>";
		};
		783310F42F4E2A3000F4006A /* NLS1Tests */ = {
			isa = PBXFileSystemSynchronizedRootGroup;
			path = NLS1Tests;
			sourceTree = "<group>";
		};
		783310FE2F4E2A3000F4006A /* NLS1UITests */ = {
			isa = PBXFileSystemSynchronizedRootGroup;
			path = NLS1UITests;
			sourceTree = "<group>";
		};
/* End PBXFileSystemSynchronizedRootGroup section */

/* Begin PBXFrameworksBuildPhase section */
		783310E12F4E2A2E00F4006A /* Frameworks */ = {
			isa = PBXFrameworksBuildPhase;
			buildActionMask = 2147483647;
			files = (
			);
			runOnlyForDeploymentPostprocessing = 0;
		};
		783310EE2F4E2A3000F4006A /* Frameworks */ = {
			isa = PBXFrameworksBuildPhase;
			buildActionMask = 2147483647;
			files = (
			);
			runOnlyForDeploymentPostprocessing = 0;
		};
		783310F82F4E2A3000F4006A /* Frameworks */ = {
			isa = PBXFrameworksBuildPhase;
			buildActionMask = 2147483647;
			files = (
			);
			runOnlyForDeploymentPostprocessing = 0;
		};
/* End PBXFrameworksBuildPhase section */

/* Begin PBXGroup section */
		783310DB2F4E2A2E00F4006A = {
			isa = PBXGroup;
			children = (
				78BB779F2F574E4B000915A8 /* Launch Screen.storyboard */,
				78BB77A12F574EA1000915A8 /* Launch Screen 2.storyboard */,
				783310E62F4E2A2E00F4006A /* NLS1 */,
				783310F42F4E2A3000F4006A /* NLS1Tests */,
				783310FE2F4E2A3000F4006A /* NLS1UITests */,
				783310E52F4E2A2E00F4006A /* Products */,
			);
			sourceTree = "<group>";
		};
		783310E52F4E2A2E00F4006A /* Products */ = {
			isa = PBXGroup;
			children = (
				783310E42F4E2A2E00F4006A /* NLS1.app */,
				783310F12F4E2A3000F4006A /* NLS1Tests.xctest */,
				783310FB2F4E2A3000F4006A /* NLS1UITests.xctest */,
			);
			name = Products;
			sourceTree = "<group>";
		};
/* End PBXGroup section */

/* Begin PBXNativeTarget section */
		783310E32F4E2A2E00F4006A /* NLS1 */ = {
			isa = PBXNativeTarget;
			buildConfigurationList = 783311052F4E2A3000F4006A /* Build configuration list for PBXNativeTarget "NLS1" */;
			buildPhases = (
				783310E02F4E2A2E00F4006A /* Sources */,
				783310E12F4E2A2E00F4006A /* Frameworks */,
				783310E22F4E2A2E00F4006A /* Resources */,
			);
			buildRules = (
			);
			dependencies = (
			);
			fileSystemSynchronizedGroups = (
				783310E62F4E2A2E00F4006A /* NLS1 */,
			);
			name = NLS1;
			packageProductDependencies = (
			);
			productName = NLS1;
			productReference = 783310E42F4E2A2E00F4006A /* NLS1.app */;
			productType = "com.apple.product-type.application";
		};
		783310F02F4E2A3000F4006A /* NLS1Tests */ = {
			isa = PBXNativeTarget;
			buildConfigurationList = 783311082F4E2A3000F4006A /* Build configuration list for PBXNativeTarget "NLS1Tests" */;
			buildPhases = (
				783310ED2F4E2A3000F4006A /* Sources */,
				783310EE2F4E2A3000F4006A /* Frameworks */,
				783310EF2F4E2A3000F4006A /* Resources */,
			);
			buildRules = (
			);
			dependencies = (
				783310F32F4E2A3000F4006A /* PBXTargetDependency */,
			);
			fileSystemSynchronizedGroups = (
				783310F42F4E2A3000F4006A /* NLS1Tests */,
			);
			name = NLS1Tests;
			packageProductDependencies = (
			);
			productName = NLS1Tests;
			productReference = 783310F12F4E2A3000F4006A /* NLS1Tests.xctest */;
			productType = "com.apple.product-type.bundle.unit-test";
		};
		783310FA2F4E2A3000F4006A /* NLS1UITests */ = {
			isa = PBXNativeTarget;
			buildConfigurationList = 7833110B2F4E2A3000F4006A /* Build configuration list for PBXNativeTarget "NLS1UITests" */;
			buildPhases = (
				783310F72F4E2A3000F4006A /* Sources */,
				783310F82F4E2A3000F4006A /* Frameworks */,
				783310F92F4E2A3000F4006A /* Resources */,
			);
			buildRules = (
			);
			dependencies = (
				783310FD2F4E2A3000F4006A /* PBXTargetDependency */,
			);
			fileSystemSynchronizedGroups = (
				783310FE2F4E2A3000F4006A /* NLS1UITests */,
			);
			name = NLS1UITests;
			packageProductDependencies = (
			);
			productName = NLS1UITests;
			productReference = 783310FB2F4E2A3000F4006A /* NLS1UITests.xctest */;
			productType = "com.apple.product-type.bundle.ui-testing";
		};
/* End PBXNativeTarget section */

/* Begin PBXProject section */
		783310DC2F4E2A2E00F4006A /* Project object */ = {
			isa = PBXProject;
			attributes = {
				BuildIndependentTargetsInParallel = 1;
				LastSwiftUpdateCheck = 2620;
				LastUpgradeCheck = 2620;
				TargetAttributes = {
					783310E32F4E2A2E00F4006A = {
						CreatedOnToolsVersion = 26.2;
					};
					783310F02F4E2A3000F4006A = {
						CreatedOnToolsVersion = 26.2;
						TestTargetID = 783310E32F4E2A2E00F4006A;
					};
					783310FA2F4E2A3000F4006A = {
						CreatedOnToolsVersion = 26.2;
						TestTargetID = 783310E32F4E2A2E00F4006A;
					};
				};
			};
			buildConfigurationList = 783310DF2F4E2A2E00F4006A /* Build configuration list for PBXProject "NLS1" */;
			developmentRegion = en;
			hasScannedForEncodings = 0;
			knownRegions = (
				en,
				Base,
			);
			mainGroup = 783310DB2F4E2A2E00F4006A;
			minimizedProjectReferenceProxies = 1;
			preferredProjectObjectVersion = 77;
			productRefGroup = 783310E52F4E2A2E00F4006A /* Products */;
			projectDirPath = "";
			projectRoot = "";
			targets = (
				783310E32F4E2A2E00F4006A /* NLS1 */,
				783310F02F4E2A3000F4006A /* NLS1Tests */,
				783310FA2F4E2A3000F4006A /* NLS1UITests */,
			);
		};
/* End PBXProject section */

/* Begin PBXResourcesBuildPhase section */
		783310E22F4E2A2E00F4006A /* Resources */ = {
			isa = PBXResourcesBuildPhase;
			buildActionMask = 2147483647;
			files = (
				78BB77A02F574E4B000915A8 /* Launch Screen.storyboard in Resources */,
				78BB77A22F574EA1000915A8 /* Launch Screen 2.storyboard in Resources */,
			);
			runOnlyForDeploymentPostprocessing = 0;
		};
		783310EF2F4E2A3000F4006A /* Resources */ = {
			isa = PBXResourcesBuildPhase;
			buildActionMask = 2147483647;
			files = (
			);
			runOnlyForDeploymentPostprocessing = 0;
		};
		783310F92F4E2A3000F4006A /* Resources */ = {
			isa = PBXResourcesBuildPhase;
			buildActionMask = 2147483647;
			files = (
			);
			runOnlyForDeploymentPostprocessing = 0;
		};
/* End PBXResourcesBuildPhase section */

/* Begin PBXSourcesBuildPhase section */
		783310E02F4E2A2E00F4006A /* Sources */ = {
			isa = PBXSourcesBuildPhase;
			buildActionMask = 2147483647;
			files = (
			);
			runOnlyForDeploymentPostprocessing = 0;
		};
		783310ED2F4E2A3000F4006A /* Sources */ = {
			isa = PBXSourcesBuildPhase;
			buildActionMask = 2147483647;
			files = (
			);
			runOnlyForDeploymentPostprocessing = 0;
		};
		783310F72F4E2A3000F4006A /* Sources */ = {
			isa = PBXSourcesBuildPhase;
			buildActionMask = 2147483647;
			files = (
			);
			runOnlyForDeploymentPostprocessing = 0;
		};
/* End PBXSourcesBuildPhase section */

/* Begin PBXTargetDependency section */
		783310F32F4E2A3000F4006A /* PBXTargetDependency */ = {
			isa = PBXTargetDependency;
			target = 783310E32F4E2A2E00F4006A /* NLS1 */;
			targetProxy = 783310F22F4E2A3000F4006A /* PBXContainerItemProxy */;
		};
		783310FD2F4E2A3000F4006A /* PBXTargetDependency */ = {
			isa = PBXTargetDependency;
			target = 783310E32F4E2A2E00F4006A /* NLS1 */;
			targetProxy = 783310FC2F4E2A3000F4006A /* PBXContainerItemProxy */;
		};
/* End PBXTargetDependency section */

/* Begin XCBuildConfiguration section */
		783311032F4E2A3000F4006A /* Debug */ = {
			isa = XCBuildConfiguration;
			buildSettings = {
				ALWAYS_SEARCH_USER_PATHS = NO;
				ASSETCATALOG_COMPILER_GENERATE_SWIFT_ASSET_SYMBOL_EXTENSIONS = YES;
				CLANG_ANALYZER_NONNULL = YES;
				CLANG_ANALYZER_NUMBER_OBJECT_CONVERSION = YES_AGGRESSIVE;
				CLANG_CXX_LANGUAGE_STANDARD = "gnu++20";
				CLANG_ENABLE_MODULES = YES;
				CLANG_ENABLE_OBJC_ARC = YES;
				CLANG_ENABLE_OBJC_WEAK = YES;
				CLANG_WARN_BLOCK_CAPTURE_AUTORELEASING = YES;
				CLANG_WARN_BOOL_CONVERSION = YES;
				CLANG_WARN_COMMA = YES;
				CLANG_WARN_CONSTANT_CONVERSION = YES;
				CLANG_WARN_DEPRECATED_OBJC_IMPLEMENTATIONS = YES;
				CLANG_WARN_DIRECT_OBJC_ISA_USAGE = YES_ERROR;
				CLANG_WARN_DOCUMENTATION_COMMENTS = YES;
				CLANG_WARN_EMPTY_BODY = YES;
				CLANG_WARN_ENUM_CONVERSION = YES;
				CLANG_WARN_INFINITE_RECURSION = YES;
				CLANG_WARN_INT_CONVERSION = YES;
				CLANG_WARN_NON_LITERAL_NULL_CONVERSION = YES;
				CLANG_WARN_OBJC_IMPLICIT_RETAIN_SELF = YES;
				CLANG_WARN_OBJC_LITERAL_CONVERSION = YES;
				CLANG_WARN_OBJC_ROOT_CLASS = YES_ERROR;
				CLANG_WARN_QUOTED_INCLUDE_IN_FRAMEWORK_HEADER = YES;
				CLANG_WARN_RANGE_LOOP_ANALYSIS = YES;
				CLANG_WARN_STRICT_PROTOTYPES = YES;
				CLANG_WARN_SUSPICIOUS_MOVE = YES;
				CLANG_WARN_UNGUARDED_AVAILABILITY = YES_AGGRESSIVE;
				CLANG_WARN_UNREACHABLE_CODE = YES;
				CLANG_WARN__DUPLICATE_METHOD_MATCH = YES;
				COPY_PHASE_STRIP = NO;
				DEBUG_INFORMATION_FORMAT = dwarf;
				ENABLE_STRICT_OBJC_MSGSEND = YES;
				ENABLE_TESTABILITY = YES;
				ENABLE_USER_SCRIPT_SANDBOXING = YES;
				GCC_C_LANGUAGE_STANDARD = gnu17;
				GCC_DYNAMIC_NO_PIC = NO;
				GCC_NO_COMMON_BLOCKS = YES;
				GCC_OPTIMIZATION_LEVEL = 0;
				GCC_PREPROCESSOR_DEFINITIONS = (
					"DEBUG=1",
					"$(inherited)",
				);
				GCC_WARN_64_TO_32_BIT_CONVERSION = YES;
				GCC_WARN_ABOUT_RETURN_TYPE = YES_ERROR;
				GCC_WARN_UNDECLARED_SELECTOR = YES;
				GCC_WARN_UNINITIALIZED_AUTOS = YES_AGGRESSIVE;
				GCC_WARN_UNUSED_FUNCTION = YES;
				GCC_WARN_UNUSED_VARIABLE = YES;
				IPHONEOS_DEPLOYMENT_TARGET = 26.2;
				LOCALIZATION_PREFERS_STRING_CATALOGS = YES;
				MTL_ENABLE_DEBUG_INFO = INCLUDE_SOURCE;
				MTL_FAST_MATH = YES;
				ONLY_ACTIVE_ARCH = YES;
				SDKROOT = iphoneos;
				SWIFT_ACTIVE_COMPILATION_CONDITIONS = "DEBUG $(inherited)";
				SWIFT_OPTIMIZATION_LEVEL = "-Onone";
			};
			name = Debug;
		};
		783311042F4E2A3000F4006A /* Release */ = {
			isa = XCBuildConfiguration;
			buildSettings = {
				ALWAYS_SEARCH_USER_PATHS = NO;
				ASSETCATALOG_COMPILER_GENERATE_SWIFT_ASSET_SYMBOL_EXTENSIONS = YES;
				CLANG_ANALYZER_NONNULL = YES;
				CLANG_ANALYZER_NUMBER_OBJECT_CONVERSION = YES_AGGRESSIVE;
				CLANG_CXX_LANGUAGE_STANDARD = "gnu++20";
				CLANG_ENABLE_MODULES = YES;
				CLANG_ENABLE_OBJC_ARC = YES;
				CLANG_ENABLE_OBJC_WEAK = YES;
				CLANG_WARN_BLOCK_CAPTURE_AUTORELEASING = YES;
				CLANG_WARN_BOOL_CONVERSION = YES;
				CLANG_WARN_COMMA = YES;
				CLANG_WARN_CONSTANT_CONVERSION = YES;
				CLANG_WARN_DEPRECATED_OBJC_IMPLEMENTATIONS = YES;
				CLANG_WARN_DIRECT_OBJC_ISA_USAGE = YES_ERROR;
				CLANG_WARN_DOCUMENTATION_COMMENTS = YES;
				CLANG_WARN_EMPTY_BODY = YES;
				CLANG_WARN_ENUM_CONVERSION = YES;
				CLANG_WARN_INFINITE_RECURSION = YES;
				CLANG_WARN_INT_CONVERSION = YES;
				CLANG_WARN_NON_LITERAL_NULL_CONVERSION = YES;
				CLANG_WARN_OBJC_IMPLICIT_RETAIN_SELF = YES;
				CLANG_WARN_OBJC_LITERAL_CONVERSION = YES;
				CLANG_WARN_OBJC_ROOT_CLASS = YES_ERROR;
				CLANG_WARN_QUOTED_INCLUDE_IN_FRAMEWORK_HEADER = YES;
				CLANG_WARN_RANGE_LOOP_ANALYSIS = YES;
				CLANG_WARN_STRICT_PROTOTYPES = YES;
				CLANG_WARN_SUSPICIOUS_MOVE = YES;
				CLANG_WARN_UNGUARDED_AVAILABILITY = YES_AGGRESSIVE;
				CLANG_WARN_UNREACHABLE_CODE = YES;
				CLANG_WARN__DUPLICATE_METHOD_MATCH = YES;
				COPY_PHASE_STRIP = NO;
				DEBUG_INFORMATION_FORMAT = "dwarf-with-dsym";
				ENABLE_NS_ASSERTIONS = NO;
				ENABLE_STRICT_OBJC_MSGSEND = YES;
				ENABLE_USER_SCRIPT_SANDBOXING = YES;
				GCC_C_LANGUAGE_STANDARD = gnu17;
				GCC_NO_COMMON_BLOCKS = YES;
				GCC_WARN_64_TO_32_BIT_CONVERSION = YES;
				GCC_WARN_ABOUT_RETURN_TYPE = YES_ERROR;
				GCC_WARN_UNDECLARED_SELECTOR = YES;
				GCC_WARN_UNINITIALIZED_AUTOS = YES_AGGRESSIVE;
				GCC_WARN_UNUSED_FUNCTION = YES;
				GCC_WARN_UNUSED_VARIABLE = YES;
				IPHONEOS_DEPLOYMENT_TARGET = 26.2;
				LOCALIZATION_PREFERS_STRING_CATALOGS = YES;
				MTL_ENABLE_DEBUG_INFO = NO;
				MTL_FAST_MATH = YES;
				SDKROOT = iphoneos;
				SWIFT_COMPILATION_MODE = wholemodule;
				VALIDATE_PRODUCT = YES;
			};
			name = Release;
		};
		783311062F4E2A3000F4006A /* Debug */ = {
			isa = XCBuildConfiguration;
			buildSettings = {
				ASSETCATALOG_COMPILER_APPICON_NAME = AppIcon;
				ASSETCATALOG_COMPILER_GLOBAL_ACCENT_COLOR_NAME = AccentColor;
				CODE_SIGN_STYLE = Automatic;
				CURRENT_PROJECT_VERSION = 1;
				ENABLE_PREVIEWS = YES;
				GENERATE_INFOPLIST_FILE = YES;
				INFOPLIST_KEY_CFBundleDisplayName = "Sproutlane: Bastion Tower";
				INFOPLIST_KEY_UIApplicationSceneManifest_Generation = YES;
				INFOPLIST_KEY_UIApplicationSupportsIndirectInputEvents = YES;
				INFOPLIST_KEY_UILaunchScreen_Generation = YES;
				INFOPLIST_KEY_UILaunchStoryboardName = "Launch Screen.storyboard";
				INFOPLIST_KEY_UISupportedInterfaceOrientations = UIInterfaceOrientationPortrait;
				INFOPLIST_KEY_UISupportedInterfaceOrientations_iPad = "UIInterfaceOrientationLandscapeLeft UIInterfaceOrientationLandscapeRight UIInterfaceOrientationPortrait UIInterfaceOrientationPortraitUpsideDown";
				IPHONEOS_DEPLOYMENT_TARGET = 15.6;
				LD_RUNPATH_SEARCH_PATHS = (
					"$(inherited)",
					"@executable_path/Frameworks",
				);
				MARKETING_VERSION = 1.0;
				PRODUCT_BUNDLE_IDENTIFIER = com.ajd.fghf76pjk1n;
				PRODUCT_NAME = "$(TARGET_NAME)";
				STRING_CATALOG_GENERATE_SYMBOLS = YES;
				SUPPORTED_PLATFORMS = "iphoneos iphonesimulator";
				SUPPORTS_MACCATALYST = NO;
				SUPPORTS_MAC_DESIGNED_FOR_IPHONE_IPAD = NO;
				SUPPORTS_XR_DESIGNED_FOR_IPHONE_IPAD = NO;
				SWIFT_APPROACHABLE_CONCURRENCY = YES;
				SWIFT_DEFAULT_ACTOR_ISOLATION = MainActor;
				SWIFT_EMIT_LOC_STRINGS = YES;
				SWIFT_UPCOMING_FEATURE_MEMBER_IMPORT_VISIBILITY = YES;
				SWIFT_VERSION = 5.0;
				TARGETED_DEVICE_FAMILY = 1;
			};
			name = Debug;
		};
		783311072F4E2A3000F4006A /* Release */ = {
			isa = XCBuildConfiguration;
			buildSettings = {
				ASSETCATALOG_COMPILER_APPICON_NAME = AppIcon;
				ASSETCATALOG_COMPILER_GLOBAL_ACCENT_COLOR_NAME = AccentColor;
				CODE_SIGN_STYLE = Automatic;
				CURRENT_PROJECT_VERSION = 1;
				ENABLE_PREVIEWS = YES;
				GENERATE_INFOPLIST_FILE = YES;
				INFOPLIST_KEY_CFBundleDisplayName = "Sproutlane: Bastion Tower";
				INFOPLIST_KEY_UIApplicationSceneManifest_Generation = YES;
				INFOPLIST_KEY_UIApplicationSupportsIndirectInputEvents = YES;
				INFOPLIST_KEY_UILaunchScreen_Generation = YES;
				INFOPLIST_KEY_UILaunchStoryboardName = "Launch Screen.storyboard";
				INFOPLIST_KEY_UISupportedInterfaceOrientations = UIInterfaceOrientationPortrait;
				INFOPLIST_KEY_UISupportedInterfaceOrientations_iPad = "UIInterfaceOrientationLandscapeLeft UIInterfaceOrientationLandscapeRight UIInterfaceOrientationPortrait UIInterfaceOrientationPortraitUpsideDown";
				IPHONEOS_DEPLOYMENT_TARGET = 15.6;
				LD_RUNPATH_SEARCH_PATHS = (
					"$(inherited)",
					"@executable_path/Frameworks",
				);
				MARKETING_VERSION = 1.0;
				PRODUCT_BUNDLE_IDENTIFIER = com.ajd.fghf76pjk1n;
				PRODUCT_NAME = "$(TARGET_NAME)";
				STRING_CATALOG_GENERATE_SYMBOLS = YES;
				SUPPORTED_PLATFORMS = "iphoneos iphonesimulator";
				SUPPORTS_MACCATALYST = NO;
				SUPPORTS_MAC_DESIGNED_FOR_IPHONE_IPAD = NO;
				SUPPORTS_XR_DESIGNED_FOR_IPHONE_IPAD = NO;
				SWIFT_APPROACHABLE_CONCURRENCY = YES;
				SWIFT_DEFAULT_ACTOR_ISOLATION = MainActor;
				SWIFT_EMIT_LOC_STRINGS = YES;
				SWIFT_UPCOMING_FEATURE_MEMBER_IMPORT_VISIBILITY = YES;
				SWIFT_VERSION = 5.0;
				TARGETED_DEVICE_FAMILY = 1;
			};
			name = Release;
		};
		783311092F4E2A3000F4006A /* Debug */ = {
			isa = XCBuildConfiguration;
			buildSettings = {
				BUNDLE_LOADER = "$(TEST_HOST)";
				CODE_SIGN_STYLE = Automatic;
				CURRENT_PROJECT_VERSION = 1;
				GENERATE_INFOPLIST_FILE = YES;
				IPHONEOS_DEPLOYMENT_TARGET = 26.2;
				MARKETING_VERSION = 1.0;
				PRODUCT_BUNDLE_IDENTIFIER = IOI.NLS1Tests;
				PRODUCT_NAME = "$(TARGET_NAME)";
				STRING_CATALOG_GENERATE_SYMBOLS = NO;
				SWIFT_APPROACHABLE_CONCURRENCY = YES;
				SWIFT_EMIT_LOC_STRINGS = NO;
				SWIFT_UPCOMING_FEATURE_MEMBER_IMPORT_VISIBILITY = YES;
				SWIFT_VERSION = 5.0;
				TARGETED_DEVICE_FAMILY = "1,2";
				TEST_HOST = "$(BUILT_PRODUCTS_DIR)/NLS1.app/$(BUNDLE_EXECUTABLE_FOLDER_PATH)/NLS1";
			};
			name = Debug;
		};
		7833110A2F4E2A3000F4006A /* Release */ = {
			isa = XCBuildConfiguration;
			buildSettings = {
				BUNDLE_LOADER = "$(TEST_HOST)";
				CODE_SIGN_STYLE = Automatic;
				CURRENT_PROJECT_VERSION = 1;
				GENERATE_INFOPLIST_FILE = YES;
				IPHONEOS_DEPLOYMENT_TARGET = 26.2;
				MARKETING_VERSION = 1.0;
				PRODUCT_BUNDLE_IDENTIFIER = IOI.NLS1Tests;
				PRODUCT_NAME = "$(TARGET_NAME)";
				STRING_CATALOG_GENERATE_SYMBOLS = NO;
				SWIFT_APPROACHABLE_CONCURRENCY = YES;
				SWIFT_EMIT_LOC_STRINGS = NO;
				SWIFT_UPCOMING_FEATURE_MEMBER_IMPORT_VISIBILITY = YES;
				SWIFT_VERSION = 5.0;
				TARGETED_DEVICE_FAMILY = "1,2";
				TEST_HOST = "$(BUILT_PRODUCTS_DIR)/NLS1.app/$(BUNDLE_EXECUTABLE_FOLDER_PATH)/NLS1";
			};
			name = Release;
		};
		7833110C2F4E2A3000F4006A /* Debug */ = {
			isa = XCBuildConfiguration;
			buildSettings = {
				CODE_SIGN_STYLE = Automatic;
				CURRENT_PROJECT_VERSION = 1;
				GENERATE_INFOPLIST_FILE = YES;
				MARKETING_VERSION = 1.0;
				PRODUCT_BUNDLE_IDENTIFIER = IOI.NLS1UITests;
				PRODUCT_NAME = "$(TARGET_NAME)";
				STRING_CATALOG_GENERATE_SYMBOLS = NO;
				SWIFT_APPROACHABLE_CONCURRENCY = YES;
				SWIFT_EMIT_LOC_STRINGS = NO;
				SWIFT_UPCOMING_FEATURE_MEMBER_IMPORT_VISIBILITY = YES;
				SWIFT_VERSION = 5.0;
				TARGETED_DEVICE_FAMILY = "1,2";
				TEST_TARGET_NAME = NLS1;
			};
			name = Debug;
		};
		7833110D2F4E2A3000F4006A /* Release */ = {
			isa = XCBuildConfiguration;
			buildSettings = {
				CODE_SIGN_STYLE = Automatic;
				CURRENT_PROJECT_VERSION = 1;
				GENERATE_INFOPLIST_FILE = YES;
				MARKETING_VERSION = 1.0;
				PRODUCT_BUNDLE_IDENTIFIER = IOI.NLS1UITests;
				PRODUCT_NAME = "$(TARGET_NAME)";
				STRING_CATALOG_GENERATE_SYMBOLS = NO;
				SWIFT_APPROACHABLE_CONCURRENCY = YES;
				SWIFT_EMIT_LOC_STRINGS = NO;
				SWIFT_UPCOMING_FEATURE_MEMBER_IMPORT_VISIBILITY = YES;
				SWIFT_VERSION = 5.0;
				TARGETED_DEVICE_FAMILY = "1,2";
				TEST_TARGET_NAME = NLS1;
			};
			name = Release;
		};
/* End XCBuildConfiguration section */

/* Begin XCConfigurationList section */
		783310DF2F4E2A2E00F4006A /* Build configuration list for PBXProject "NLS1" */ = {
			isa = XCConfigurationList;
			buildConfigurations = (
				783311032F4E2A3000F4006A /* Debug */,
				783311042F4E2A3000F4006A /* Release */,
			);
			defaultConfigurationIsVisible = 0;
			defaultConfigurationName = Release;
		};
		783311052F4E2A3000F4006A /* Build configuration list for PBXNativeTarget "NLS1" */ = {
			isa = XCConfigurationList;
			buildConfigurations = (
				783311062F4E2A3000F4006A /* Debug */,
				783311072F4E2A3000F4006A /* Release */,
			);
			defaultConfigurationIsVisible = 0;
			defaultConfigurationName = Release;
		};
		783311082F4E2A3000F4006A /* Build configuration list for PBXNativeTarget "NLS1Tests" */ = {
			isa = XCConfigurationList;
			buildConfigurations = (
				783311092F4E2A3000F4006A /* Debug */,
				7833110A2F4E2A3000F4006A /* Release */,
			);
			defaultConfigurationIsVisible = 0;
			defaultConfigurationName = Release;
		};
		7833110B2F4E2A3000F4006A /* Build configuration list for PBXNativeTarget "NLS1UITests" */ = {
			isa = XCConfigurationList;
			buildConfigurations = (
				7833110C2F4E2A3000F4006A /* Debug */,
				7833110D2F4E2A3000F4006A /* Release */,
			);
			defaultConfigurationIsVisible = 0;
			defaultConfigurationName = Release;
		};
/* End XCConfigurationList section */
	};
	rootObject = 783310DC2F4E2A2E00F4006A /* Project object */;
}
